
Microsoft Visual Studio Solution File, Format Version 12.00
# Visual Studio Version 16
VisualStudioVersion = 25.0.1706.6
MinimumVisualStudioVersion = 10.0.40219.1
Project("{FAE04EC0-301F-11D3-BF4B-00C04F79EFBC}") = "ViritualPet", "ViritualPet\ViritualPet.csproj", "{B978E69E-31DA-4D3C-89F2-1849FE3BF73C}"
EndProject
Global
	GlobalSection(SolutionConfigurationPlatforms) = preSolution
		Debug|Any CPU = Debug|Any CPU
		Release|Any CPU = Release|Any CPU
	EndGlobalSection
	GlobalSection(ProjectConfigurationPlatforms) = postSolution
		{B978E69E-31DA-4D3C-89F2-1849FE3BF73C}.Debug|Any CPU.ActiveCfg = Debug|Any CPU
		{B978E69E-31DA-4D3C-89F2-1849FE3BF73C}.Debug|Any CPU.Build.0 = Debug|Any CPU
		{B978E69E-31DA-4D3C-89F2-1849FE3BF73C}.Release|Any CPU.ActiveCfg = Release|Any CPU
		{B978E69E-31DA-4D3C-89F2-1849FE3BF73C}.Release|Any CPU.Build.0 = Release|Any CPU
	EndGlobalSection
	GlobalSection(SolutionProperties) = preSolution
		HideSolutionNode = FALSE
	EndGlobalSection
	GlobalSection(ExtensibilityGlobals) = postSolution
		SolutionGuid = {5C8D5090-E6E5-4D57-BAD2-9A0821DD963A}
	EndGlobalSection
EndGlobal
